
Microsoft Visual Studio Solution File, Format Version 12.00
# Visual Studio Version 16
VisualStudioVersion = 16.0.31129.286
MinimumVisualStudioVersion = 10.0.40219.1
Project("{FAE04EC0-301F-11D3-BF4B-00C04F79EFBC}") = "DataAccess", "DataAccess\DataAccess.csproj", "{B4892E57-45E5-4B24-A98F-F29BAE28A2BA}"
EndProject
Project("{FAE04EC0-301F-11D3-BF4B-00C04F79EFBC}") = "Business", "Business\Business.csproj", "{56D53D57-D937-40F0-8631-79BFCC78564C}"
EndProject
Project("{FAE04EC0-301F-11D3-BF4B-00C04F79EFBC}") = "Entities", "Entities\Entities.csproj", "{ADFE812E-D325-4BB5-81F7-F56AB03BDA02}"
EndProject
Project("{FAE04EC0-301F-11D3-BF4B-00C04F79EFBC}") = "ConsoleUI", "ConsoleUI\ConsoleUI.csproj", "{C05FDC62-BFC5-4366-8052-268A6A1D9BA1}"
EndProject
Global
	GlobalSection(SolutionConfigurationPlatforms) = preSolution
		Debug|Any CPU = Debug|Any CPU
		Release|Any CPU = Release|Any CPU
	EndGlobalSection
	GlobalSection(ProjectConfigurationPlatforms) = postSolution
		{B4892E57-45E5-4B24-A98F-F29BAE28A2BA}.Debug|Any CPU.ActiveCfg = Debug|Any CPU
		{B4892E57-45E5-4B24-A98F-F29BAE28A2BA}.Debug|Any CPU.Build.0 = Debug|Any CPU
		{B4892E57-45E5-4B24-A98F-F29BAE28A2BA}.Release|Any CPU.ActiveCfg = Release|Any CPU
		{B4892E57-45E5-4B24-A98F-F29BAE28A2BA}.Release|Any CPU.Build.0 = Release|Any CPU
		{56D53D57-D937-40F0-8631-79BFCC78564C}.Debug|Any CPU.ActiveCfg = Debug|Any CPU
		{56D53D57-D937-40F0-8631-79BFCC78564C}.Debug|Any CPU.Build.0 = Debug|Any CPU
		{56D53D57-D937-40F0-8631-79BFCC78564C}.Release|Any CPU.ActiveCfg = Release|Any CPU
		{56D53D57-D937-40F0-8631-79BFCC78564C}.Release|Any CPU.Build.0 = Release|Any CPU
		{ADFE812E-D325-4BB5-81F7-F56AB03BDA02}.Debug|Any CPU.ActiveCfg = Debug|Any CPU
		{ADFE812E-D325-4BB5-81F7-F56AB03BDA02}.Debug|Any CPU.Build.0 = Debug|Any CPU
		{ADFE812E-D325-4BB5-81F7-F56AB03BDA02}.Release|Any CPU.ActiveCfg = Release|Any CPU
		{ADFE812E-D325-4BB5-81F7-F56AB03BDA02}.Release|Any CPU.Build.0 = Release|Any CPU
		{C05FDC62-BFC5-4366-8052-268A6A1D9BA1}.Debug|Any CPU.ActiveCfg = Debug|Any CPU
		{C05FDC62-BFC5-4366-8052-268A6A1D9BA1}.Debug|Any CPU.Build.0 = Debug|Any CPU
		{C05FDC62-BFC5-4366-8052-268A6A1D9BA1}.Release|Any CPU.ActiveCfg = Release|Any CPU
		{C05FDC62-BFC5-4366-8052-268A6A1D9BA1}.Release|Any CPU.Build.0 = Release|Any CPU
	EndGlobalSection
	GlobalSection(SolutionProperties) = preSolution
		HideSolutionNode = FALSE
	EndGlobalSection
	GlobalSection(ExtensibilityGlobals) = postSolution
		SolutionGuid = {75366ED0-E5D8-4C17-BE2B-5BB4CE379FDF}
	EndGlobalSection
EndGlobal
